# This file was autogenerated by Stack.
# You should not edit this file by hand.
# For more information, please see the documentation at:
#   https://docs.haskellstack.org/en/stable/lock_files

packages: []
snapshots:
- completed:
    size: 570941
    url: https://raw.githubusercontent.com/commercialhaskell/stackage-snapshots/master/nightly/2021/7/30.yaml
    sha256: 3fae869641e4ff2e5e08aadec30918378691cfb3c94a772a54a1c84b9c937602
  original: nightly-2021-07-30
